// !$*UTF8*$!
{
	archiveVersion = 1;
	classes = {
	};
	objectVersion = 46;
	objects = {

/* Begin PBXBuildFile section */
		27057E211A3D97BC0033F4EF /* StockPriceIndicator.m in Sources */ = {isa = PBXBuildFile; fileRef = 27057E201A3D97BC0033F4EF /* StockPriceIndicator.m */; };
		271EA3DB1A303A49001BE9D2 /* PriceGraphViewController.m in Sources */ = {isa = PBXBuildFile; fileRef = 271EA3D91A303A49001BE9D2 /* PriceGraphViewController.m */; };
		271EA3DE1A303A87001BE9D2 /* PriceGraphViewController.xib in Resources */ = {isa = PBXBuildFile; fileRef = 271EA3DD1A303A87001BE9D2 /* PriceGraphViewController.xib */; };
		274651C61A3EC15F0094748C /* MovingAverageIndicator.m in Sources */ = {isa = PBXBuildFile; fileRef = 274651C31A3EC15F0094748C /* MovingAverageIndicator.m */; };
		274651C71A3EC15F0094748C /* SimpleMovingAverageIndicator.m in Sources */ = {isa = PBXBuildFile; fileRef = 274651C51A3EC15F0094748C /* SimpleMovingAverageIndicator.m */; };
		275847991A33BFD0008F733F /* GraphView.m in Sources */ = {isa = PBXBuildFile; fileRef = 275847981A33BFD0008F733F /* GraphView.m */; };
		276B1D811A2A6A4300B7EF9F /* Foundation.framework in Frameworks */ = {isa = PBXBuildFile; fileRef = 276B1D801A2A6A4300B7EF9F /* Foundation.framework */; };
		276B1D831A2A6A4300B7EF9F /* CoreGraphics.framework in Frameworks */ = {isa = PBXBuildFile; fileRef = 276B1D821A2A6A4300B7EF9F /* CoreGraphics.framework */; };
		276B1D851A2A6A4300B7EF9F /* UIKit.framework in Frameworks */ = {isa = PBXBuildFile; fileRef = 276B1D841A2A6A4300B7EF9F /* UIKit.framework */; };
		276B1D8B1A2A6A4300B7EF9F /* InfoPlist.strings in Resources */ = {isa = PBXBuildFile; fileRef = 276B1D891A2A6A4300B7EF9F /* InfoPlist.strings */; };
		276B1D8D1A2A6A4300B7EF9F /* main.m in Sources */ = {isa = PBXBuildFile; fileRef = 276B1D8C1A2A6A4300B7EF9F /* main.m */; };
		276B1D911A2A6A4300B7EF9F /* AppDelegate.m in Sources */ = {isa = PBXBuildFile; fileRef = 276B1D901A2A6A4300B7EF9F /* AppDelegate.m */; };
		276B1D931A2A6A4300B7EF9F /* Images.xcassets in Resources */ = {isa = PBXBuildFile; fileRef = 276B1D921A2A6A4300B7EF9F /* Images.xcassets */; };
		276B1D9A1A2A6A4300B7EF9F /* XCTest.framework in Frameworks */ = {isa = PBXBuildFile; fileRef = 276B1D991A2A6A4300B7EF9F /* XCTest.framework */; };
		276B1D9B1A2A6A4300B7EF9F /* Foundation.framework in Frameworks */ = {isa = PBXBuildFile; fileRef = 276B1D801A2A6A4300B7EF9F /* Foundation.framework */; };
		276B1D9C1A2A6A4300B7EF9F /* UIKit.framework in Frameworks */ = {isa = PBXBuildFile; fileRef = 276B1D841A2A6A4300B7EF9F /* UIKit.framework */; };
		276B1DA41A2A6A4300B7EF9F /* InfoPlist.strings in Resources */ = {isa = PBXBuildFile; fileRef = 276B1DA21A2A6A4300B7EF9F /* InfoPlist.strings */; };
		276B1DA61A2A6A4300B7EF9F /* StockTests.m in Sources */ = {isa = PBXBuildFile; fileRef = 276B1DA51A2A6A4300B7EF9F /* StockTests.m */; };
		2781F8A81A3E9B7D00011A14 /* IndicatorListSliderTableViewCell.m in Sources */ = {isa = PBXBuildFile; fileRef = 2781F8A61A3E9B7D00011A14 /* IndicatorListSliderTableViewCell.m */; };
		2781F8AB1A3E9BAB00011A14 /* IndicatorListSliderTableViewCell.xib in Resources */ = {isa = PBXBuildFile; fileRef = 2781F8AA1A3E9BAB00011A14 /* IndicatorListSliderTableViewCell.xib */; };
		27A7FF501A2B23FF00BF2DDA /* favorite_on.png in Resources */ = {isa = PBXBuildFile; fileRef = 27A7FF4E1A2B23FF00BF2DDA /* favorite_on.png */; };
		27A7FF511A2B23FF00BF2DDA /* favorite_off.png in Resources */ = {isa = PBXBuildFile; fileRef = 27A7FF4F1A2B23FF00BF2DDA /* favorite_off.png */; };
		27A7FF541A2B2D6C00BF2DDA /* ExtendedStateButton.m in Sources */ = {isa = PBXBuildFile; fileRef = 27A7FF531A2B2D6C00BF2DDA /* ExtendedStateButton.m */; };
		27B958FD1A2AA39400AA08BA /* MasterViewController.m in Sources */ = {isa = PBXBuildFile; fileRef = 27B958FC1A2AA39400AA08BA /* MasterViewController.m */; };
		27B959001A2AB3A800AA08BA /* CallCenter.m in Sources */ = {isa = PBXBuildFile; fileRef = 27B958FF1A2AB3A800AA08BA /* CallCenter.m */; };
		27B959071A2AC43600AA08BA /* StockSelectionViewController.m in Sources */ = {isa = PBXBuildFile; fileRef = 27B959051A2AC43600AA08BA /* StockSelectionViewController.m */; };
		27B9590B1A2AC47A00AA08BA /* StockSelectionViewController.xib in Resources */ = {isa = PBXBuildFile; fileRef = 27B9590A1A2AC47A00AA08BA /* StockSelectionViewController.xib */; };
		27B9590E1A2AC55500AA08BA /* StockSelectionTableView.m in Sources */ = {isa = PBXBuildFile; fileRef = 27B9590D1A2AC55500AA08BA /* StockSelectionTableView.m */; };
		27B959141A2AC97B00AA08BA /* Stock.m in Sources */ = {isa = PBXBuildFile; fileRef = 27B959131A2AC97B00AA08BA /* Stock.m */; };
		27B959181A2AD0AC00AA08BA /* StockSelectionTableViewCell.m in Sources */ = {isa = PBXBuildFile; fileRef = 27B959161A2AD0AC00AA08BA /* StockSelectionTableViewCell.m */; };
		27B9591B1A2AD0C700AA08BA /* StockSelectionTableViewCell.xib in Resources */ = {isa = PBXBuildFile; fileRef = 27B9591A1A2AD0C700AA08BA /* StockSelectionTableViewCell.xib */; };
		27B9591E1A2ADEB600AA08BA /* LocalizationHelper.m in Sources */ = {isa = PBXBuildFile; fileRef = 27B9591D1A2ADEB600AA08BA /* LocalizationHelper.m */; };
		27B959221A2AE9F900AA08BA /* AppData.m in Sources */ = {isa = PBXBuildFile; fileRef = 27B959211A2AE9F900AA08BA /* AppData.m */; };
		27BC33561A3D917C003A085F /* Indicator.m in Sources */ = {isa = PBXBuildFile; fileRef = 27BC33551A3D917C003A085F /* Indicator.m */; };
		27BEE9F61A3EC27F007225E2 /* ExponentialMovingAverageIndicator.m in Sources */ = {isa = PBXBuildFile; fileRef = 27BEE9F51A3EC27F007225E2 /* ExponentialMovingAverageIndicator.m */; };
		27DA548E1A2C263200F926B8 /* StockListManager.m in Sources */ = {isa = PBXBuildFile; fileRef = 27DA548D1A2C263200F926B8 /* StockListManager.m */; };
		27DA54911A2C266900F926B8 /* StockPriceManager.m in Sources */ = {isa = PBXBuildFile; fileRef = 27DA54901A2C266900F926B8 /* StockPriceManager.m */; };
		27E4C4921A3E79520079B803 /* SliderView.m in Sources */ = {isa = PBXBuildFile; fileRef = 27E4C4911A3E79520079B803 /* SliderView.m */; };
		27E4C4951A3E95120079B803 /* IndicatorListSliderView.m in Sources */ = {isa = PBXBuildFile; fileRef = 27E4C4941A3E95120079B803 /* IndicatorListSliderView.m */; };
		27E4C4981A3E96540079B803 /* IndicatorList.m in Sources */ = {isa = PBXBuildFile; fileRef = 27E4C4971A3E96540079B803 /* IndicatorList.m */; };
/* End PBXBuildFile section */

/* Begin PBXContainerItemProxy section */
		276B1D9D1A2A6A4300B7EF9F /* PBXContainerItemProxy */ = {
			isa = PBXContainerItemProxy;
			containerPortal = 276B1D751A2A6A4200B7EF9F /* Project object */;
			proxyType = 1;
			remoteGlobalIDString = 276B1D7C1A2A6A4200B7EF9F;
			remoteInfo = Stock;
		};
/* End PBXContainerItemProxy section */

/* Begin PBXFileReference section */
		27057E1E1A3D97320033F4EF /* Indicator+Protected.h */ = {isa = PBXFileReference; fileEncoding = 4; lastKnownFileType = sourcecode.c.h; path = "Indicator+Protected.h"; sourceTree = "<group>"; };
		27057E1F1A3D97BC0033F4EF /* StockPriceIndicator.h */ = {isa = PBXFileReference; fileEncoding = 4; lastKnownFileType = sourcecode.c.h; path = StockPriceIndicator.h; sourceTree = "<group>"; };
		27057E201A3D97BC0033F4EF /* StockPriceIndicator.m */ = {isa = PBXFileReference; fileEncoding = 4; lastKnownFileType = sourcecode.c.objc; path = StockPriceIndicator.m; sourceTree = "<group>"; };
		271EA3D81A303A49001BE9D2 /* PriceGraphViewController.h */ = {isa = PBXFileReference; fileEncoding = 4; lastKnownFileType = sourcecode.c.h; path = PriceGraphViewController.h; sourceTree = "<group>"; };
		271EA3D91A303A49001BE9D2 /* PriceGraphViewController.m */ = {isa = PBXFileReference; fileEncoding = 4; lastKnownFileType = sourcecode.c.objc; path = PriceGraphViewController.m; sourceTree = "<group>"; };
		271EA3DD1A303A87001BE9D2 /* PriceGraphViewController.xib */ = {isa = PBXFileReference; fileEncoding = 4; lastKnownFileType = file.xib; path = PriceGraphViewController.xib; sourceTree = "<group>"; };
		271EA3DF1A3051C5001BE9D2 /* DisplayUtils.h */ = {isa = PBXFileReference; fileEncoding = 4; lastKnownFileType = sourcecode.c.h; path = DisplayUtils.h; sourceTree = "<group>"; };
		274651C21A3EC15F0094748C /* MovingAverageIndicator.h */ = {isa = PBXFileReference; fileEncoding = 4; lastKnownFileType = sourcecode.c.h; path = MovingAverageIndicator.h; sourceTree = "<group>"; };
		274651C31A3EC15F0094748C /* MovingAverageIndicator.m */ = {isa = PBXFileReference; fileEncoding = 4; lastKnownFileType = sourcecode.c.objc; path = MovingAverageIndicator.m; sourceTree = "<group>"; };
		274651C41A3EC15F0094748C /* SimpleMovingAverageIndicator.h */ = {isa = PBXFileReference; fileEncoding = 4; lastKnownFileType = sourcecode.c.h; path = SimpleMovingAverageIndicator.h; sourceTree = "<group>"; };
		274651C51A3EC15F0094748C /* SimpleMovingAverageIndicator.m */ = {isa = PBXFileReference; fileEncoding = 4; lastKnownFileType = sourcecode.c.objc; path = SimpleMovingAverageIndicator.m; sourceTree = "<group>"; };
		274651C81A3EC17D0094748C /* MovingAverageIndicator+Protected.h */ = {isa = PBXFileReference; fileEncoding = 4; lastKnownFileType = sourcecode.c.h; path = "MovingAverageIndicator+Protected.h"; sourceTree = "<group>"; };
		275847971A33BFD0008F733F /* GraphView.h */ = {isa = PBXFileReference; fileEncoding = 4; lastKnownFileType = sourcecode.c.h; path = GraphView.h; sourceTree = "<group>"; };
		275847981A33BFD0008F733F /* GraphView.m */ = {isa = PBXFileReference; fileEncoding = 4; lastKnownFileType = sourcecode.c.objc; path = GraphView.m; sourceTree = "<group>"; };
		276B1D7D1A2A6A4300B7EF9F /* Stock.app */ = {isa = PBXFileReference; explicitFileType = wrapper.application; includeInIndex = 0; path = Stock.app; sourceTree = BUILT_PRODUCTS_DIR; };
		276B1D801A2A6A4300B7EF9F /* Foundation.framework */ = {isa = PBXFileReference; lastKnownFileType = wrapper.framework; name = Foundation.framework; path = System/Library/Frameworks/Foundation.framework; sourceTree = SDKROOT; };
		276B1D821A2A6A4300B7EF9F /* CoreGraphics.framework */ = {isa = PBXFileReference; lastKnownFileType = wrapper.framework; name = CoreGraphics.framework; path = System/Library/Frameworks/CoreGraphics.framework; sourceTree = SDKROOT; };
		276B1D841A2A6A4300B7EF9F /* UIKit.framework */ = {isa = PBXFileReference; lastKnownFileType = wrapper.framework; name = UIKit.framework; path = System/Library/Frameworks/UIKit.framework; sourceTree = SDKROOT; };
		276B1D881A2A6A4300B7EF9F /* Stock-Info.plist */ = {isa = PBXFileReference; lastKnownFileType = text.plist.xml; path = "Stock-Info.plist"; sourceTree = "<group>"; };
		276B1D8A1A2A6A4300B7EF9F /* en */ = {isa = PBXFileReference; lastKnownFileType = text.plist.strings; name = en; path = en.lproj/InfoPlist.strings; sourceTree = "<group>"; };
		276B1D8C1A2A6A4300B7EF9F /* main.m */ = {isa = PBXFileReference; lastKnownFileType = sourcecode.c.objc; path = main.m; sourceTree = "<group>"; };
		276B1D8E1A2A6A4300B7EF9F /* Stock-Prefix.pch */ = {isa = PBXFileReference; lastKnownFileType = sourcecode.c.h; path = "Stock-Prefix.pch"; sourceTree = "<group>"; };
		276B1D8F1A2A6A4300B7EF9F /* AppDelegate.h */ = {isa = PBXFileReference; lastKnownFileType = sourcecode.c.h; name = AppDelegate.h; path = ../AppDelegate.h; sourceTree = "<group>"; };
		276B1D901A2A6A4300B7EF9F /* AppDelegate.m */ = {isa = PBXFileReference; lastKnownFileType = sourcecode.c.objc; name = AppDelegate.m; path = ../AppDelegate.m; sourceTree = "<group>"; };
		276B1D921A2A6A4300B7EF9F /* Images.xcassets */ = {isa = PBXFileReference; lastKnownFileType = folder.assetcatalog; path = Images.xcassets; sourceTree = "<group>"; };
		276B1D981A2A6A4300B7EF9F /* StockTests.xctest */ = {isa = PBXFileReference; explicitFileType = wrapper.cfbundle; includeInIndex = 0; path = StockTests.xctest; sourceTree = BUILT_PRODUCTS_DIR; };
		276B1D991A2A6A4300B7EF9F /* XCTest.framework */ = {isa = PBXFileReference; lastKnownFileType = wrapper.framework; name = XCTest.framework; path = Library/Frameworks/XCTest.framework; sourceTree = DEVELOPER_DIR; };
		276B1DA11A2A6A4300B7EF9F /* StockTests-Info.plist */ = {isa = PBXFileReference; lastKnownFileType = text.plist.xml; path = "StockTests-Info.plist"; sourceTree = "<group>"; };
		276B1DA31A2A6A4300B7EF9F /* en */ = {isa = PBXFileReference; lastKnownFileType = text.plist.strings; name = en; path = en.lproj/InfoPlist.strings; sourceTree = "<group>"; };
		276B1DA51A2A6A4300B7EF9F /* StockTests.m */ = {isa = PBXFileReference; lastKnownFileType = sourcecode.c.objc; path = StockTests.m; sourceTree = "<group>"; };
		2781F8A51A3E9B7D00011A14 /* IndicatorListSliderTableViewCell.h */ = {isa = PBXFileReference; fileEncoding = 4; lastKnownFileType = sourcecode.c.h; path = IndicatorListSliderTableViewCell.h; sourceTree = "<group>"; };
		2781F8A61A3E9B7D00011A14 /* IndicatorListSliderTableViewCell.m */ = {isa = PBXFileReference; fileEncoding = 4; lastKnownFileType = sourcecode.c.objc; path = IndicatorListSliderTableViewCell.m; sourceTree = "<group>"; };
		2781F8AA1A3E9BAB00011A14 /* IndicatorListSliderTableViewCell.xib */ = {isa = PBXFileReference; fileEncoding = 4; lastKnownFileType = file.xib; path = IndicatorListSliderTableViewCell.xib; sourceTree = "<group>"; };
		27A7FF4E1A2B23FF00BF2DDA /* favorite_on.png */ = {isa = PBXFileReference; lastKnownFileType = image.png; path = favorite_on.png; sourceTree = "<group>"; };
		27A7FF4F1A2B23FF00BF2DDA /* favorite_off.png */ = {isa = PBXFileReference; lastKnownFileType = image.png; path = favorite_off.png; sourceTree = "<group>"; };
		27A7FF521A2B2D6C00BF2DDA /* ExtendedStateButton.h */ = {isa = PBXFileReference; fileEncoding = 4; lastKnownFileType = sourcecode.c.h; path = ExtendedStateButton.h; sourceTree = "<group>"; };
		27A7FF531A2B2D6C00BF2DDA /* ExtendedStateButton.m */ = {isa = PBXFileReference; fileEncoding = 4; lastKnownFileType = sourcecode.c.objc; path = ExtendedStateButton.m; sourceTree = "<group>"; };
		27B958FB1A2AA39400AA08BA /* MasterViewController.h */ = {isa = PBXFileReference; fileEncoding = 4; lastKnownFileType = sourcecode.c.h; path = MasterViewController.h; sourceTree = "<group>"; };
		27B958FC1A2AA39400AA08BA /* MasterViewController.m */ = {isa = PBXFileReference; fileEncoding = 4; lastKnownFileType = sourcecode.c.objc; path = MasterViewController.m; sourceTree = "<group>"; };
		27B958FE1A2AB3A800AA08BA /* CallCenter.h */ = {isa = PBXFileReference; fileEncoding = 4; lastKnownFileType = sourcecode.c.h; path = CallCenter.h; sourceTree = "<group>"; };
		27B958FF1A2AB3A800AA08BA /* CallCenter.m */ = {isa = PBXFileReference; fileEncoding = 4; lastKnownFileType = sourcecode.c.objc; path = CallCenter.m; sourceTree = "<group>"; };
		27B959011A2AB45E00AA08BA /* ClassUtils.h */ = {isa = PBXFileReference; fileEncoding = 4; lastKnownFileType = sourcecode.c.h; path = ClassUtils.h; sourceTree = "<group>"; };
		27B959041A2AC43600AA08BA /* StockSelectionViewController.h */ = {isa = PBXFileReference; fileEncoding = 4; lastKnownFileType = sourcecode.c.h; path = StockSelectionViewController.h; sourceTree = "<group>"; };
		27B959051A2AC43600AA08BA /* StockSelectionViewController.m */ = {isa = PBXFileReference; fileEncoding = 4; lastKnownFileType = sourcecode.c.objc; path = StockSelectionViewController.m; sourceTree = "<group>"; };
		27B9590A1A2AC47A00AA08BA /* StockSelectionViewController.xib */ = {isa = PBXFileReference; fileEncoding = 4; lastKnownFileType = file.xib; path = StockSelectionViewController.xib; sourceTree = "<group>"; };
		27B9590C1A2AC55500AA08BA /* StockSelectionTableView.h */ = {isa = PBXFileReference; fileEncoding = 4; lastKnownFileType = sourcecode.c.h; path = StockSelectionTableView.h; sourceTree = "<group>"; };
		27B9590D1A2AC55500AA08BA /* StockSelectionTableView.m */ = {isa = PBXFileReference; fileEncoding = 4; lastKnownFileType = sourcecode.c.objc; path = StockSelectionTableView.m; sourceTree = "<group>"; };
		27B959121A2AC97B00AA08BA /* Stock.h */ = {isa = PBXFileReference; fileEncoding = 4; lastKnownFileType = sourcecode.c.h; path = Stock.h; sourceTree = "<group>"; };
		27B959131A2AC97B00AA08BA /* Stock.m */ = {isa = PBXFileReference; fileEncoding = 4; lastKnownFileType = sourcecode.c.objc; path = Stock.m; sourceTree = "<group>"; };
		27B959151A2AD0AC00AA08BA /* StockSelectionTableViewCell.h */ = {isa = PBXFileReference; fileEncoding = 4; lastKnownFileType = sourcecode.c.h; path = StockSelectionTableViewCell.h; sourceTree = "<group>"; };
		27B959161A2AD0AC00AA08BA /* StockSelectionTableViewCell.m */ = {isa = PBXFileReference; fileEncoding = 4; lastKnownFileType = sourcecode.c.objc; path = StockSelectionTableViewCell.m; sourceTree = "<group>"; };
		27B9591A1A2AD0C700AA08BA /* StockSelectionTableViewCell.xib */ = {isa = PBXFileReference; fileEncoding = 4; lastKnownFileType = file.xib; path = StockSelectionTableViewCell.xib; sourceTree = "<group>"; };
		27B9591C1A2ADEB600AA08BA /* LocalizationHelper.h */ = {isa = PBXFileReference; fileEncoding = 4; lastKnownFileType = sourcecode.c.h; path = LocalizationHelper.h; sourceTree = "<group>"; };
		27B9591D1A2ADEB600AA08BA /* LocalizationHelper.m */ = {isa = PBXFileReference; fileEncoding = 4; lastKnownFileType = sourcecode.c.objc; path = LocalizationHelper.m; sourceTree = "<group>"; };
		27B9591F1A2ADED200AA08BA /* Singleton+Protocol.h */ = {isa = PBXFileReference; fileEncoding = 4; lastKnownFileType = sourcecode.c.h; path = "Singleton+Protocol.h"; sourceTree = "<group>"; };
		27B959201A2AE9F900AA08BA /* AppData.h */ = {isa = PBXFileReference; fileEncoding = 4; lastKnownFileType = sourcecode.c.h; path = AppData.h; sourceTree = "<group>"; };
		27B959211A2AE9F900AA08BA /* AppData.m */ = {isa = PBXFileReference; fileEncoding = 4; lastKnownFileType = sourcecode.c.objc; path = AppData.m; sourceTree = "<group>"; };
		27BA24031A3DA4B9000A0270 /* Indicator+Types.h */ = {isa = PBXFileReference; fileEncoding = 4; lastKnownFileType = sourcecode.c.h; path = "Indicator+Types.h"; sourceTree = "<group>"; };
		27BC334F1A3D8658003A085F /* IndicatorDatasource+Protocol.h */ = {isa = PBXFileReference; fileEncoding = 4; lastKnownFileType = sourcecode.c.h; name = "IndicatorDatasource+Protocol.h"; path = "../../Utilities/IndicatorDatasource+Protocol.h"; sourceTree = "<group>"; };
		27BC33541A3D917C003A085F /* Indicator.h */ = {isa = PBXFileReference; fileEncoding = 4; lastKnownFileType = sourcecode.c.h; path = Indicator.h; sourceTree = "<group>"; };
		27BC33551A3D917C003A085F /* Indicator.m */ = {isa = PBXFileReference; fileEncoding = 4; lastKnownFileType = sourcecode.c.objc; path = Indicator.m; sourceTree = "<group>"; };
		27BEE9F41A3EC27F007225E2 /* ExponentialMovingAverageIndicator.h */ = {isa = PBXFileReference; fileEncoding = 4; lastKnownFileType = sourcecode.c.h; path = ExponentialMovingAverageIndicator.h; sourceTree = "<group>"; };
		27BEE9F51A3EC27F007225E2 /* ExponentialMovingAverageIndicator.m */ = {isa = PBXFileReference; fileEncoding = 4; lastKnownFileType = sourcecode.c.objc; path = ExponentialMovingAverageIndicator.m; sourceTree = "<group>"; };
		27DA548C1A2C263200F926B8 /* StockListManager.h */ = {isa = PBXFileReference; fileEncoding = 4; lastKnownFileType = sourcecode.c.h; path = StockListManager.h; sourceTree = "<group>"; };
		27DA548D1A2C263200F926B8 /* StockListManager.m */ = {isa = PBXFileReference; fileEncoding = 4; lastKnownFileType = sourcecode.c.objc; path = StockListManager.m; sourceTree = "<group>"; };
		27DA548F1A2C266900F926B8 /* StockPriceManager.h */ = {isa = PBXFileReference; fileEncoding = 4; lastKnownFileType = sourcecode.c.h; path = StockPriceManager.h; sourceTree = "<group>"; };
		27DA54901A2C266900F926B8 /* StockPriceManager.m */ = {isa = PBXFileReference; fileEncoding = 4; lastKnownFileType = sourcecode.c.objc; path = StockPriceManager.m; sourceTree = "<group>"; };
		27E4C4901A3E79520079B803 /* SliderView.h */ = {isa = PBXFileReference; fileEncoding = 4; lastKnownFileType = sourcecode.c.h; path = SliderView.h; sourceTree = "<group>"; };
		27E4C4911A3E79520079B803 /* SliderView.m */ = {isa = PBXFileReference; fileEncoding = 4; lastKnownFileType = sourcecode.c.objc; path = SliderView.m; sourceTree = "<group>"; };
		27E4C4931A3E95120079B803 /* IndicatorListSliderView.h */ = {isa = PBXFileReference; fileEncoding = 4; lastKnownFileType = sourcecode.c.h; path = IndicatorListSliderView.h; sourceTree = "<group>"; };
		27E4C4941A3E95120079B803 /* IndicatorListSliderView.m */ = {isa = PBXFileReference; fileEncoding = 4; lastKnownFileType = sourcecode.c.objc; path = IndicatorListSliderView.m; sourceTree = "<group>"; };
		27E4C4961A3E96540079B803 /* IndicatorList.h */ = {isa = PBXFileReference; fileEncoding = 4; lastKnownFileType = sourcecode.c.h; path = IndicatorList.h; sourceTree = "<group>"; };
		27E4C4971A3E96540079B803 /* IndicatorList.m */ = {isa = PBXFileReference; fileEncoding = 4; lastKnownFileType = sourcecode.c.objc; path = IndicatorList.m; sourceTree = "<group>"; };
/* End PBXFileReference section */

/* Begin PBXFrameworksBuildPhase section */
		276B1D7A1A2A6A4200B7EF9F /* Frameworks */ = {
			isa = PBXFrameworksBuildPhase;
			buildActionMask = 2147483647;
			files = (
				276B1D831A2A6A4300B7EF9F /* CoreGraphics.framework in Frameworks */,
				276B1D851A2A6A4300B7EF9F /* UIKit.framework in Frameworks */,
				276B1D811A2A6A4300B7EF9F /* Foundation.framework in Frameworks */,
			);
			runOnlyForDeploymentPostprocessing = 0;
		};
		276B1D951A2A6A4300B7EF9F /* Frameworks */ = {
			isa = PBXFrameworksBuildPhase;
			buildActionMask = 2147483647;
			files = (
				276B1D9A1A2A6A4300B7EF9F /* XCTest.framework in Frameworks */,
				276B1D9C1A2A6A4300B7EF9F /* UIKit.framework in Frameworks */,
				276B1D9B1A2A6A4300B7EF9F /* Foundation.framework in Frameworks */,
			);
			runOnlyForDeploymentPostprocessing = 0;
		};
/* End PBXFrameworksBuildPhase section */

/* Begin PBXGroup section */
		274651C11A3EC1310094748C /* MovingAverages */ = {
			isa = PBXGroup;
			children = (
				274651C21A3EC15F0094748C /* MovingAverageIndicator.h */,
				274651C31A3EC15F0094748C /* MovingAverageIndicator.m */,
				274651C81A3EC17D0094748C /* MovingAverageIndicator+Protected.h */,
				274651C41A3EC15F0094748C /* SimpleMovingAverageIndicator.h */,
				274651C51A3EC15F0094748C /* SimpleMovingAverageIndicator.m */,
				27BEE9F41A3EC27F007225E2 /* ExponentialMovingAverageIndicator.h */,
				27BEE9F51A3EC27F007225E2 /* ExponentialMovingAverageIndicator.m */,
			);
			path = MovingAverages;
			sourceTree = "<group>";
		};
		276B1D741A2A6A4200B7EF9F = {
			isa = PBXGroup;
			children = (
				276B1D861A2A6A4300B7EF9F /* Stock */,
				276B1D9F1A2A6A4300B7EF9F /* StockTests */,
				276B1D7E1A2A6A4300B7EF9F /* Products */,
				276B1D7F1A2A6A4300B7EF9F /* Frameworks */,
			);
			sourceTree = "<group>";
		};
		276B1D7E1A2A6A4300B7EF9F /* Products */ = {
			isa = PBXGroup;
			children = (
				276B1D7D1A2A6A4300B7EF9F /* Stock.app */,
				276B1D981A2A6A4300B7EF9F /* StockTests.xctest */,
			);
			name = Products;
			sourceTree = "<group>";
		};
		276B1D7F1A2A6A4300B7EF9F /* Frameworks */ = {
			isa = PBXGroup;
			children = (
				276B1D801A2A6A4300B7EF9F /* Foundation.framework */,
				276B1D821A2A6A4300B7EF9F /* CoreGraphics.framework */,
				276B1D841A2A6A4300B7EF9F /* UIKit.framework */,
				276B1D991A2A6A4300B7EF9F /* XCTest.framework */,
			);
			name = Frameworks;
			sourceTree = "<group>";
		};
		276B1D861A2A6A4300B7EF9F /* Stock */ = {
			isa = PBXGroup;
			children = (
				27B958F51A2AA2D400AA08BA /* Classes */,
				27B958FA1A2AA33900AA08BA /* Resources */,
				276B1D921A2A6A4300B7EF9F /* Images.xcassets */,
				276B1D871A2A6A4300B7EF9F /* Supporting Files */,
			);
			path = Stock;
			sourceTree = "<group>";
		};
		276B1D871A2A6A4300B7EF9F /* Supporting Files */ = {
			isa = PBXGroup;
			children = (
				276B1D881A2A6A4300B7EF9F /* Stock-Info.plist */,
				276B1D891A2A6A4300B7EF9F /* InfoPlist.strings */,
				276B1D8C1A2A6A4300B7EF9F /* main.m */,
				276B1D8E1A2A6A4300B7EF9F /* Stock-Prefix.pch */,
			);
			name = "Supporting Files";
			sourceTree = "<group>";
		};
		276B1D9F1A2A6A4300B7EF9F /* StockTests */ = {
			isa = PBXGroup;
			children = (
				276B1DA51A2A6A4300B7EF9F /* StockTests.m */,
				276B1DA01A2A6A4300B7EF9F /* Supporting Files */,
			);
			path = StockTests;
			sourceTree = "<group>";
		};
		276B1DA01A2A6A4300B7EF9F /* Supporting Files */ = {
			isa = PBXGroup;
			children = (
				276B1DA11A2A6A4300B7EF9F /* StockTests-Info.plist */,
				276B1DA21A2A6A4300B7EF9F /* InfoPlist.strings */,
			);
			name = "Supporting Files";
			sourceTree = "<group>";
		};
		27A7FF4D1A2B23FF00BF2DDA /* Assets */ = {
			isa = PBXGroup;
			children = (
				27A7FF4E1A2B23FF00BF2DDA /* favorite_on.png */,
				27A7FF4F1A2B23FF00BF2DDA /* favorite_off.png */,
			);
			path = Assets;
			sourceTree = "<group>";
		};
		27B958F51A2AA2D400AA08BA /* Classes */ = {
			isa = PBXGroup;
			children = (
				276B1D8F1A2A6A4300B7EF9F /* AppDelegate.h */,
				276B1D901A2A6A4300B7EF9F /* AppDelegate.m */,
				27B958F61A2AA2D400AA08BA /* Controllers */,
				27DA548B1A2C263200F926B8 /* Managers */,
				27B958F71A2AA2D400AA08BA /* Models */,
				27B958F81A2AA2D400AA08BA /* Utilities */,
				27B958F91A2AA2D400AA08BA /* Views */,
			);
			path = Classes;
			sourceTree = "<group>";
		};
		27B958F61A2AA2D400AA08BA /* Controllers */ = {
			isa = PBXGroup;
			children = (
				27B958FB1A2AA39400AA08BA /* MasterViewController.h */,
				27B958FC1A2AA39400AA08BA /* MasterViewController.m */,
				271EA3D81A303A49001BE9D2 /* PriceGraphViewController.h */,
				271EA3D91A303A49001BE9D2 /* PriceGraphViewController.m */,
				27B959041A2AC43600AA08BA /* StockSelectionViewController.h */,
				27B959051A2AC43600AA08BA /* StockSelectionViewController.m */,
			);
			path = Controllers;
			sourceTree = "<group>";
		};
		27B958F71A2AA2D400AA08BA /* Models */ = {
			isa = PBXGroup;
			children = (
				27BC33531A3D916A003A085F /* Indicators */,
				27B959201A2AE9F900AA08BA /* AppData.h */,
				27B959211A2AE9F900AA08BA /* AppData.m */,
				27B959121A2AC97B00AA08BA /* Stock.h */,
				27B959131A2AC97B00AA08BA /* Stock.m */,
			);
			path = Models;
			sourceTree = "<group>";
		};
		27B958F81A2AA2D400AA08BA /* Utilities */ = {
			isa = PBXGroup;
			children = (
				27B958FE1A2AB3A800AA08BA /* CallCenter.h */,
				27B958FF1A2AB3A800AA08BA /* CallCenter.m */,
				27B959011A2AB45E00AA08BA /* ClassUtils.h */,
				271EA3DF1A3051C5001BE9D2 /* DisplayUtils.h */,
				27E4C4961A3E96540079B803 /* IndicatorList.h */,
				27E4C4971A3E96540079B803 /* IndicatorList.m */,
				27B9591C1A2ADEB600AA08BA /* LocalizationHelper.h */,
				27B9591D1A2ADEB600AA08BA /* LocalizationHelper.m */,
				27B9591F1A2ADED200AA08BA /* Singleton+Protocol.h */,
			);
			path = Utilities;
			sourceTree = "<group>";
		};
		27B958F91A2AA2D400AA08BA /* Views */ = {
			isa = PBXGroup;
			children = (
				27A7FF521A2B2D6C00BF2DDA /* ExtendedStateButton.h */,
				27A7FF531A2B2D6C00BF2DDA /* ExtendedStateButton.m */,
				275847971A33BFD0008F733F /* GraphView.h */,
				275847981A33BFD0008F733F /* GraphView.m */,
				27E4C4931A3E95120079B803 /* IndicatorListSliderView.h */,
				27E4C4941A3E95120079B803 /* IndicatorListSliderView.m */,
				2781F8A51A3E9B7D00011A14 /* IndicatorListSliderTableViewCell.h */,
				2781F8A61A3E9B7D00011A14 /* IndicatorListSliderTableViewCell.m */,
				27E4C4901A3E79520079B803 /* SliderView.h */,
				27E4C4911A3E79520079B803 /* SliderView.m */,
				27B9590C1A2AC55500AA08BA /* StockSelectionTableView.h */,
				27B9590D1A2AC55500AA08BA /* StockSelectionTableView.m */,
				27B959151A2AD0AC00AA08BA /* StockSelectionTableViewCell.h */,
				27B959161A2AD0AC00AA08BA /* StockSelectionTableViewCell.m */,
			);
			path = Views;
			sourceTree = "<group>";
		};
		27B958FA1A2AA33900AA08BA /* Resources */ = {
			isa = PBXGroup;
			children = (
				27A7FF4D1A2B23FF00BF2DDA /* Assets */,
				27B959091A2AC45600AA08BA /* Xib */,
			);
			path = Resources;
			sourceTree = "<group>";
		};
		27B959091A2AC45600AA08BA /* Xib */ = {
			isa = PBXGroup;
			children = (
				2781F8AA1A3E9BAB00011A14 /* IndicatorListSliderTableViewCell.xib */,
				271EA3DD1A303A87001BE9D2 /* PriceGraphViewController.xib */,
				27B9591A1A2AD0C700AA08BA /* StockSelectionTableViewCell.xib */,
				27B9590A1A2AC47A00AA08BA /* StockSelectionViewController.xib */,
			);
			path = Xib;
			sourceTree = "<group>";
		};
		27BC33531A3D916A003A085F /* Indicators */ = {
			isa = PBXGroup;
			children = (
				274651C11A3EC1310094748C /* MovingAverages */,
				27BC33541A3D917C003A085F /* Indicator.h */,
				27BC33551A3D917C003A085F /* Indicator.m */,
				27BC334F1A3D8658003A085F /* IndicatorDatasource+Protocol.h */,
				27057E1E1A3D97320033F4EF /* Indicator+Protected.h */,
				27BA24031A3DA4B9000A0270 /* Indicator+Types.h */,
				27057E1F1A3D97BC0033F4EF /* StockPriceIndicator.h */,
				27057E201A3D97BC0033F4EF /* StockPriceIndicator.m */,
			);
			path = Indicators;
			sourceTree = "<group>";
		};
		27DA548B1A2C263200F926B8 /* Managers */ = {
			isa = PBXGroup;
			children = (
				27DA548C1A2C263200F926B8 /* StockListManager.h */,
				27DA548D1A2C263200F926B8 /* StockListManager.m */,
				27DA548F1A2C266900F926B8 /* StockPriceManager.h */,
				27DA54901A2C266900F926B8 /* StockPriceManager.m */,
			);
			path = Managers;
			sourceTree = "<group>";
		};
/* End PBXGroup section */

/* Begin PBXNativeTarget section */
		276B1D7C1A2A6A4200B7EF9F /* Stock */ = {
			isa = PBXNativeTarget;
			buildConfigurationList = 276B1DA91A2A6A4300B7EF9F /* Build configuration list for PBXNativeTarget "Stock" */;
			buildPhases = (
				276B1D791A2A6A4200B7EF9F /* Sources */,
				276B1D7A1A2A6A4200B7EF9F /* Frameworks */,
				276B1D7B1A2A6A4200B7EF9F /* Resources */,
			);
			buildRules = (
			);
			dependencies = (
			);
			name = Stock;
			productName = Stock;
			productReference = 276B1D7D1A2A6A4300B7EF9F /* Stock.app */;
			productType = "com.apple.product-type.application";
		};
		276B1D971A2A6A4300B7EF9F /* StockTests */ = {
			isa = PBXNativeTarget;
			buildConfigurationList = 276B1DAC1A2A6A4300B7EF9F /* Build configuration list for PBXNativeTarget "StockTests" */;
			buildPhases = (
				276B1D941A2A6A4300B7EF9F /* Sources */,
				276B1D951A2A6A4300B7EF9F /* Frameworks */,
				276B1D961A2A6A4300B7EF9F /* Resources */,
			);
			buildRules = (
			);
			dependencies = (
				276B1D9E1A2A6A4300B7EF9F /* PBXTargetDependency */,
			);
			name = StockTests;
			productName = StockTests;
			productReference = 276B1D981A2A6A4300B7EF9F /* StockTests.xctest */;
			productType = "com.apple.product-type.bundle.unit-test";
		};
/* End PBXNativeTarget section */

/* Begin PBXProject section */
		276B1D751A2A6A4200B7EF9F /* Project object */ = {
			isa = PBXProject;
			attributes = {
				LastUpgradeCheck = 0510;
				ORGANIZATIONNAME = kyle;
				TargetAttributes = {
					276B1D971A2A6A4300B7EF9F = {
						TestTargetID = 276B1D7C1A2A6A4200B7EF9F;
					};
				};
			};
			buildConfigurationList = 276B1D781A2A6A4200B7EF9F /* Build configuration list for PBXProject "Stock" */;
			compatibilityVersion = "Xcode 3.2";
			developmentRegion = English;
			hasScannedForEncodings = 0;
			knownRegions = (
				en,
			);
			mainGroup = 276B1D741A2A6A4200B7EF9F;
			productRefGroup = 276B1D7E1A2A6A4300B7EF9F /* Products */;
			projectDirPath = "";
			projectRoot = "";
			targets = (
				276B1D7C1A2A6A4200B7EF9F /* Stock */,
				276B1D971A2A6A4300B7EF9F /* StockTests */,
			);
		};
/* End PBXProject section */

/* Begin PBXResourcesBuildPhase section */
		276B1D7B1A2A6A4200B7EF9F /* Resources */ = {
			isa = PBXResourcesBuildPhase;
			buildActionMask = 2147483647;
			files = (
				271EA3DE1A303A87001BE9D2 /* PriceGraphViewController.xib in Resources */,
				27A7FF511A2B23FF00BF2DDA /* favorite_off.png in Resources */,
				276B1D8B1A2A6A4300B7EF9F /* InfoPlist.strings in Resources */,
				27A7FF501A2B23FF00BF2DDA /* favorite_on.png in Resources */,
				2781F8AB1A3E9BAB00011A14 /* IndicatorListSliderTableViewCell.xib in Resources */,
				27B9591B1A2AD0C700AA08BA /* StockSelectionTableViewCell.xib in Resources */,
				27B9590B1A2AC47A00AA08BA /* StockSelectionViewController.xib in Resources */,
				276B1D931A2A6A4300B7EF9F /* Images.xcassets in Resources */,
			);
			runOnlyForDeploymentPostprocessing = 0;
		};
		276B1D961A2A6A4300B7EF9F /* Resources */ = {
			isa = PBXResourcesBuildPhase;
			buildActionMask = 2147483647;
			files = (
				276B1DA41A2A6A4300B7EF9F /* InfoPlist.strings in Resources */,
			);
			runOnlyForDeploymentPostprocessing = 0;
		};
/* End PBXResourcesBuildPhase section */

/* Begin PBXSourcesBuildPhase section */
		276B1D791A2A6A4200B7EF9F /* Sources */ = {
			isa = PBXSourcesBuildPhase;
			buildActionMask = 2147483647;
			files = (
				27B9591E1A2ADEB600AA08BA /* LocalizationHelper.m in Sources */,
				271EA3DB1A303A49001BE9D2 /* PriceGraphViewController.m in Sources */,
				27B959001A2AB3A800AA08BA /* CallCenter.m in Sources */,
				27BC33561A3D917C003A085F /* Indicator.m in Sources */,
				276B1D911A2A6A4300B7EF9F /* AppDelegate.m in Sources */,
				27B959221A2AE9F900AA08BA /* AppData.m in Sources */,
				27B958FD1A2AA39400AA08BA /* MasterViewController.m in Sources */,
				275847991A33BFD0008F733F /* GraphView.m in Sources */,
				27A7FF541A2B2D6C00BF2DDA /* ExtendedStateButton.m in Sources */,
				27E4C4951A3E95120079B803 /* IndicatorListSliderView.m in Sources */,
				27B9590E1A2AC55500AA08BA /* StockSelectionTableView.m in Sources */,
				274651C61A3EC15F0094748C /* MovingAverageIndicator.m in Sources */,
				276B1D8D1A2A6A4300B7EF9F /* main.m in Sources */,
				27BEE9F61A3EC27F007225E2 /* ExponentialMovingAverageIndicator.m in Sources */,
				27DA548E1A2C263200F926B8 /* StockListManager.m in Sources */,
				27B959141A2AC97B00AA08BA /* Stock.m in Sources */,
				27E4C4921A3E79520079B803 /* SliderView.m in Sources */,
				27E4C4981A3E96540079B803 /* IndicatorList.m in Sources */,
				27DA54911A2C266900F926B8 /* StockPriceManager.m in Sources */,
				27057E211A3D97BC0033F4EF /* StockPriceIndicator.m in Sources */,
				274651C71A3EC15F0094748C /* SimpleMovingAverageIndicator.m in Sources */,
				27B959181A2AD0AC00AA08BA /* StockSelectionTableViewCell.m in Sources */,
				27B959071A2AC43600AA08BA /* StockSelectionViewController.m in Sources */,
				2781F8A81A3E9B7D00011A14 /* IndicatorListSliderTableViewCell.m in Sources */,
			);
			runOnlyForDeploymentPostprocessing = 0;
		};
		276B1D941A2A6A4300B7EF9F /* Sources */ = {
			isa = PBXSourcesBuildPhase;
			buildActionMask = 2147483647;
			files = (
				276B1DA61A2A6A4300B7EF9F /* StockTests.m in Sources */,
			);
			runOnlyForDeploymentPostprocessing = 0;
		};
/* End PBXSourcesBuildPhase section */

/* Begin PBXTargetDependency section */
		276B1D9E1A2A6A4300B7EF9F /* PBXTargetDependency */ = {
			isa = PBXTargetDependency;
			target = 276B1D7C1A2A6A4200B7EF9F /* Stock */;
			targetProxy = 276B1D9D1A2A6A4300B7EF9F /* PBXContainerItemProxy */;
		};
/* End PBXTargetDependency section */

/* Begin PBXVariantGroup section */
		276B1D891A2A6A4300B7EF9F /* InfoPlist.strings */ = {
			isa = PBXVariantGroup;
			children = (
				276B1D8A1A2A6A4300B7EF9F /* en */,
			);
			name = InfoPlist.strings;
			sourceTree = "<group>";
		};
		276B1DA21A2A6A4300B7EF9F /* InfoPlist.strings */ = {
			isa = PBXVariantGroup;
			children = (
				276B1DA31A2A6A4300B7EF9F /* en */,
			);
			name = InfoPlist.strings;
			sourceTree = "<group>";
		};
/* End PBXVariantGroup section */

/* Begin XCBuildConfiguration section */
		276B1DA71A2A6A4300B7EF9F /* Debug */ = {
			isa = XCBuildConfiguration;
			buildSettings = {
				ALWAYS_SEARCH_USER_PATHS = NO;
				CLANG_CXX_LANGUAGE_STANDARD = "gnu++0x";
				CLANG_CXX_LIBRARY = "libc++";
				CLANG_ENABLE_MODULES = YES;
				CLANG_ENABLE_OBJC_ARC = NO;
				CLANG_WARN_BOOL_CONVERSION = YES;
				CLANG_WARN_CONSTANT_CONVERSION = YES;
				CLANG_WARN_DIRECT_OBJC_ISA_USAGE = YES_ERROR;
				CLANG_WARN_EMPTY_BODY = YES;
				CLANG_WARN_ENUM_CONVERSION = YES;
				CLANG_WARN_INT_CONVERSION = YES;
				CLANG_WARN_OBJC_ROOT_CLASS = YES_ERROR;
				CLANG_WARN__DUPLICATE_METHOD_MATCH = YES;
				"CODE_SIGN_IDENTITY[sdk=iphoneos*]" = "iPhone Developer";
				COPY_PHASE_STRIP = NO;
				GCC_C_LANGUAGE_STANDARD = gnu99;
				GCC_DYNAMIC_NO_PIC = NO;
				GCC_OPTIMIZATION_LEVEL = 0;
				GCC_PREPROCESSOR_DEFINITIONS = (
					"DEBUG=1",
					"$(inherited)",
				);
				GCC_SYMBOLS_PRIVATE_EXTERN = NO;
				GCC_WARN_64_TO_32_BIT_CONVERSION = YES;
				GCC_WARN_ABOUT_RETURN_TYPE = YES_ERROR;
				GCC_WARN_UNDECLARED_SELECTOR = YES;
				GCC_WARN_UNINITIALIZED_AUTOS = YES_AGGRESSIVE;
				GCC_WARN_UNUSED_FUNCTION = YES;
				GCC_WARN_UNUSED_VARIABLE = YES;
				IPHONEOS_DEPLOYMENT_TARGET = 7.1;
				ONLY_ACTIVE_ARCH = YES;
				SDKROOT = iphoneos;
				TARGETED_DEVICE_FAMILY = "1,2";
			};
			name = Debug;
		};
		276B1DA81A2A6A4300B7EF9F /* Release */ = {
			isa = XCBuildConfiguration;
			buildSettings = {
				ALWAYS_SEARCH_USER_PATHS = NO;
				CLANG_CXX_LANGUAGE_STANDARD = "gnu++0x";
				CLANG_CXX_LIBRARY = "libc++";
				CLANG_ENABLE_MODULES = YES;
				CLANG_ENABLE_OBJC_ARC = NO;
				CLANG_WARN_BOOL_CONVERSION = YES;
				CLANG_WARN_CONSTANT_CONVERSION = YES;
				CLANG_WARN_DIRECT_OBJC_ISA_USAGE = YES_ERROR;
				CLANG_WARN_EMPTY_BODY = YES;
				CLANG_WARN_ENUM_CONVERSION = YES;
				CLANG_WARN_INT_CONVERSION = YES;
				CLANG_WARN_OBJC_ROOT_CLASS = YES_ERROR;
				CLANG_WARN__DUPLICATE_METHOD_MATCH = YES;
				"CODE_SIGN_IDENTITY[sdk=iphoneos*]" = "iPhone Developer";
				COPY_PHASE_STRIP = YES;
				ENABLE_NS_ASSERTIONS = NO;
				GCC_C_LANGUAGE_STANDARD = gnu99;
				GCC_WARN_64_TO_32_BIT_CONVERSION = YES;
				GCC_WARN_ABOUT_RETURN_TYPE = YES_ERROR;
				GCC_WARN_UNDECLARED_SELECTOR = YES;
				GCC_WARN_UNINITIALIZED_AUTOS = YES_AGGRESSIVE;
				GCC_WARN_UNUSED_FUNCTION = YES;
				GCC_WARN_UNUSED_VARIABLE = YES;
				IPHONEOS_DEPLOYMENT_TARGET = 7.1;
				SDKROOT = iphoneos;
				TARGETED_DEVICE_FAMILY = "1,2";
				VALIDATE_PRODUCT = YES;
			};
			name = Release;
		};
		276B1DAA1A2A6A4300B7EF9F /* Debug */ = {
			isa = XCBuildConfiguration;
			buildSettings = {
				ASSETCATALOG_COMPILER_APPICON_NAME = AppIcon;
				ASSETCATALOG_COMPILER_LAUNCHIMAGE_NAME = LaunchImage;
				GCC_PRECOMPILE_PREFIX_HEADER = YES;
				GCC_PREFIX_HEADER = "Stock/Stock-Prefix.pch";
				INFOPLIST_FILE = "Stock/Stock-Info.plist";
				PRODUCT_NAME = "$(TARGET_NAME)";
				WRAPPER_EXTENSION = app;
			};
			name = Debug;
		};
		276B1DAB1A2A6A4300B7EF9F /* Release */ = {
			isa = XCBuildConfiguration;
			buildSettings = {
				ASSETCATALOG_COMPILER_APPICON_NAME = AppIcon;
				ASSETCATALOG_COMPILER_LAUNCHIMAGE_NAME = LaunchImage;
				GCC_PRECOMPILE_PREFIX_HEADER = YES;
				GCC_PREFIX_HEADER = "Stock/Stock-Prefix.pch";
				INFOPLIST_FILE = "Stock/Stock-Info.plist";
				PRODUCT_NAME = "$(TARGET_NAME)";
				WRAPPER_EXTENSION = app;
			};
			name = Release;
		};
		276B1DAD1A2A6A4300B7EF9F /* Debug */ = {
			isa = XCBuildConfiguration;
			buildSettings = {
				BUNDLE_LOADER = "$(BUILT_PRODUCTS_DIR)/Stock.app/Stock";
				FRAMEWORK_SEARCH_PATHS = (
					"$(SDKROOT)/Developer/Library/Frameworks",
					"$(inherited)",
					"$(DEVELOPER_FRAMEWORKS_DIR)",
				);
				GCC_PRECOMPILE_PREFIX_HEADER = YES;
				GCC_PREFIX_HEADER = "Stock/Stock-Prefix.pch";
				GCC_PREPROCESSOR_DEFINITIONS = (
					"DEBUG=1",
					"$(inherited)",
				);
				INFOPLIST_FILE = "StockTests/StockTests-Info.plist";
				PRODUCT_NAME = "$(TARGET_NAME)";
				TEST_HOST = "$(BUNDLE_LOADER)";
				WRAPPER_EXTENSION = xctest;
			};
			name = Debug;
		};
		276B1DAE1A2A6A4300B7EF9F /* Release */ = {
			isa = XCBuildConfiguration;
			buildSettings = {
				BUNDLE_LOADER = "$(BUILT_PRODUCTS_DIR)/Stock.app/Stock";
				FRAMEWORK_SEARCH_PATHS = (
					"$(SDKROOT)/Developer/Library/Frameworks",
					"$(inherited)",
					"$(DEVELOPER_FRAMEWORKS_DIR)",
				);
				GCC_PRECOMPILE_PREFIX_HEADER = YES;
				GCC_PREFIX_HEADER = "Stock/Stock-Prefix.pch";
				INFOPLIST_FILE = "StockTests/StockTests-Info.plist";
				PRODUCT_NAME = "$(TARGET_NAME)";
				TEST_HOST = "$(BUNDLE_LOADER)";
				WRAPPER_EXTENSION = xctest;
			};
			name = Release;
		};
/* End XCBuildConfiguration section */

/* Begin XCConfigurationList section */
		276B1D781A2A6A4200B7EF9F /* Build configuration list for PBXProject "Stock" */ = {
			isa = XCConfigurationList;
			buildConfigurations = (
				276B1DA71A2A6A4300B7EF9F /* Debug */,
				276B1DA81A2A6A4300B7EF9F /* Release */,
			);
			defaultConfigurationIsVisible = 0;
			defaultConfigurationName = Release;
		};
		276B1DA91A2A6A4300B7EF9F /* Build configuration list for PBXNativeTarget "Stock" */ = {
			isa = XCConfigurationList;
			buildConfigurations = (
				276B1DAA1A2A6A4300B7EF9F /* Debug */,
				276B1DAB1A2A6A4300B7EF9F /* Release */,
			);
			defaultConfigurationIsVisible = 0;
			defaultConfigurationName = Release;
		};
		276B1DAC1A2A6A4300B7EF9F /* Build configuration list for PBXNativeTarget "StockTests" */ = {
			isa = XCConfigurationList;
			buildConfigurations = (
				276B1DAD1A2A6A4300B7EF9F /* Debug */,
				276B1DAE1A2A6A4300B7EF9F /* Release */,
			);
			defaultConfigurationIsVisible = 0;
			defaultConfigurationName = Release;
		};
/* End XCConfigurationList section */
	};
	rootObject = 276B1D751A2A6A4200B7EF9F /* Project object */;
}
